
Microsoft Visual Studio Solution File, Format Version 12.00
# Visual Studio Version 16
VisualStudioVersion = 16.0.30503.244
MinimumVisualStudioVersion = 10.0.40219.1
Project("{2150E333-8FDC-42A3-9474-1A3956D46DE8}") = "Migrations", "Migrations", "{5E0EFD54-7369-4309-B04D-36A5C27C11B5}"
EndProject
Project("{6EC3EE1D-3C4E-46DD-8F32-0CC8E7565705}") = "Migrations", "Migrations\Migrations\Migrations.fsproj", "{E0810EDE-A105-4A7A-8A4D-94982E7906E5}"
EndProject
Project("{6EC3EE1D-3C4E-46DD-8F32-0CC8E7565705}") = "Migration.Runner", "Migrations\Migration.Runner\Migration.Runner.fsproj", "{22A9CE3C-351E-4D42-A30F-FCF425EB4826}"
EndProject
Project("{6EC3EE1D-3C4E-46DD-8F32-0CC8E7565705}") = "Prelude", "Prelude\Prelude.fsproj", "{536EB35C-4927-44C4-896E-82DA6556E2F1}"
EndProject
Project("{6EC3EE1D-3C4E-46DD-8F32-0CC8E7565705}") = "Series.Data.EF", "Series.EF\Series.Data.EF.fsproj", "{A111D5B6-7BEE-457E-8B07-69C93E982AB3}"
EndProject
Project("{6EC3EE1D-3C4E-46DD-8F32-0CC8E7565705}") = "Series.Data.SQLProvider", "Series.SQLProvider\Series.Data.SQLProvider.fsproj", "{D5509B47-926D-4606-B0D3-600834D9B1B3}"
EndProject
Global
	GlobalSection(SolutionConfigurationPlatforms) = preSolution
		Debug|Any CPU = Debug|Any CPU
		Release|Any CPU = Release|Any CPU
	EndGlobalSection
	GlobalSection(ProjectConfigurationPlatforms) = postSolution
		{E0810EDE-A105-4A7A-8A4D-94982E7906E5}.Debug|Any CPU.ActiveCfg = Debug|Any CPU
		{E0810EDE-A105-4A7A-8A4D-94982E7906E5}.Debug|Any CPU.Build.0 = Debug|Any CPU
		{E0810EDE-A105-4A7A-8A4D-94982E7906E5}.Release|Any CPU.ActiveCfg = Release|Any CPU
		{E0810EDE-A105-4A7A-8A4D-94982E7906E5}.Release|Any CPU.Build.0 = Release|Any CPU
		{22A9CE3C-351E-4D42-A30F-FCF425EB4826}.Debug|Any CPU.ActiveCfg = Debug|Any CPU
		{22A9CE3C-351E-4D42-A30F-FCF425EB4826}.Debug|Any CPU.Build.0 = Debug|Any CPU
		{22A9CE3C-351E-4D42-A30F-FCF425EB4826}.Release|Any CPU.ActiveCfg = Release|Any CPU
		{22A9CE3C-351E-4D42-A30F-FCF425EB4826}.Release|Any CPU.Build.0 = Release|Any CPU
		{536EB35C-4927-44C4-896E-82DA6556E2F1}.Debug|Any CPU.ActiveCfg = Debug|Any CPU
		{536EB35C-4927-44C4-896E-82DA6556E2F1}.Debug|Any CPU.Build.0 = Debug|Any CPU
		{536EB35C-4927-44C4-896E-82DA6556E2F1}.Release|Any CPU.ActiveCfg = Release|Any CPU
		{536EB35C-4927-44C4-896E-82DA6556E2F1}.Release|Any CPU.Build.0 = Release|Any CPU
		{A111D5B6-7BEE-457E-8B07-69C93E982AB3}.Debug|Any CPU.ActiveCfg = Debug|Any CPU
		{A111D5B6-7BEE-457E-8B07-69C93E982AB3}.Debug|Any CPU.Build.0 = Debug|Any CPU
		{A111D5B6-7BEE-457E-8B07-69C93E982AB3}.Release|Any CPU.ActiveCfg = Release|Any CPU
		{A111D5B6-7BEE-457E-8B07-69C93E982AB3}.Release|Any CPU.Build.0 = Release|Any CPU
		{D5509B47-926D-4606-B0D3-600834D9B1B3}.Debug|Any CPU.ActiveCfg = Debug|Any CPU
		{D5509B47-926D-4606-B0D3-600834D9B1B3}.Debug|Any CPU.Build.0 = Debug|Any CPU
		{D5509B47-926D-4606-B0D3-600834D9B1B3}.Release|Any CPU.ActiveCfg = Release|Any CPU
		{D5509B47-926D-4606-B0D3-600834D9B1B3}.Release|Any CPU.Build.0 = Release|Any CPU
	EndGlobalSection
	GlobalSection(SolutionProperties) = preSolution
		HideSolutionNode = FALSE
	EndGlobalSection
	GlobalSection(NestedProjects) = preSolution
		{E0810EDE-A105-4A7A-8A4D-94982E7906E5} = {5E0EFD54-7369-4309-B04D-36A5C27C11B5}
		{22A9CE3C-351E-4D42-A30F-FCF425EB4826} = {5E0EFD54-7369-4309-B04D-36A5C27C11B5}
	EndGlobalSection
	GlobalSection(ExtensibilityGlobals) = postSolution
		SolutionGuid = {7C936E94-DBA5-42C0-9D6A-DD200B330CE5}
	EndGlobalSection
EndGlobal
